
Microsoft Visual Studio Solution File, Format Version 12.00
# Visual Studio 15
VisualStudioVersion = 15.0.28307.1169
MinimumVisualStudioVersion = 10.0.40219.1
Project("{8BC9CEB8-8B4A-11D0-8D11-00A0C91BC942}") = "learnOpenGL", "learnOpenGL\learnOpenGL.vcxproj", "{07B84221-E0DA-44F8-BC4E-1D21C59D2071}"
EndProject
Global
	GlobalSection(SolutionConfigurationPlatforms) = preSolution
		Debug|x64 = Debug|x64
		Debug|x86 = Debug|x86
		Release|x64 = Release|x64
		Release|x86 = Release|x86
	EndGlobalSection
	GlobalSection(ProjectConfigurationPlatforms) = postSolution
		{07B84221-E0DA-44F8-BC4E-1D21C59D2071}.Debug|x64.ActiveCfg = Debug|x64
		{07B84221-E0DA-44F8-BC4E-1D21C59D2071}.Debug|x64.Build.0 = Debug|x64
		{07B84221-E0DA-44F8-BC4E-1D21C59D2071}.Debug|x86.ActiveCfg = Debug|Win32
		{07B84221-E0DA-44F8-BC4E-1D21C59D2071}.Debug|x86.Build.0 = Debug|Win32
		{07B84221-E0DA-44F8-BC4E-1D21C59D2071}.Release|x64.ActiveCfg = Release|x64
		{07B84221-E0DA-44F8-BC4E-1D21C59D2071}.Release|x64.Build.0 = Release|x64
		{07B84221-E0DA-44F8-BC4E-1D21C59D2071}.Release|x86.ActiveCfg = Release|Win32
		{07B84221-E0DA-44F8-BC4E-1D21C59D2071}.Release|x86.Build.0 = Release|Win32
	EndGlobalSection
	GlobalSection(SolutionProperties) = preSolution
		HideSolutionNode = FALSE
	EndGlobalSection
	GlobalSection(ExtensibilityGlobals) = postSolution
		SolutionGuid = {FF5E9689-58B3-4C78-A83F-48E667A6D281}
	EndGlobalSection
EndGlobal
